schema: '2.0'
stages:
  load_data:
    cmd: python src/stage_01_load_save.py --config=config/config.yaml
    deps:
    - path: ../data
      md5: a7fe60f376bb1378057149ceadd9c51e.dir
      size: 39357783
      nfiles: 286
    - path: config/config.yaml
      md5: 49adad7cde433bedde8401ebcdeb181e
      size: 425
    - path: src/stage_01_load_save.py
      md5: 773df5e08e8e97e51912371e29ad14d0
      size: 1669
    - path: src/utils/all_utils.py
      md5: 267700b0b4150b65a4f696cc5beb4e94
      size: 1027
    outs:
    - path: data
      md5: 1a2078cc44a294d9656b508d9f18aaf1.dir
      size: 39357783
      nfiles: 286
  prepare_base_model:
    cmd: python src/stage2_prepare_base_model.py --config=config/config.yaml --params=params.yaml
    deps:
    - path: config/config.yaml
      md5: 49adad7cde433bedde8401ebcdeb181e
      size: 425
    - path: params.yaml
      md5: 653f741e4902f218f939051643db0a41
      size: 120
    - path: src/stage2_prepare_base_model.py
      md5: 7b19b0291c021efc5e197df6c2b493a8
      size: 2229
    - path: src/utils/all_utils.py
      md5: 267700b0b4150b65a4f696cc5beb4e94
      size: 1027
    - path: src/utils/models.py
      md5: 9e04ebe41ad1d7e2eb7940ed52261e68
      size: 2541
    params:
      params.yaml:
        IMAGE_SIZE:
        - 224
        - 224
        - 3
        LEARNING_RATE: 0.0001
    outs:
    - path: artifacts/base_model/VGG16.h5
      md5: 6454385634b0618e7e8d116530348e21
      size: 58920816
    - path: artifacts/base_model/updated_VGG16.h5
      md5: e97af3036e9efbd1ebc36a31586f6702
      size: 59133416
  prepare_callbacks:
    cmd: python src/stage3_prepare_callbacks.py --config=config/config.yaml --params=params.yaml
    deps:
    - path: config/config.yaml
      md5: 49adad7cde433bedde8401ebcdeb181e
      size: 425
    - path: params.yaml
      md5: 653f741e4902f218f939051643db0a41
      size: 120
    - path: src/stage3_prepare_callbacks.py
      md5: 8831ea29d4af2845bab099b1946429b1
      size: 1826
    - path: src/utils/all_utils.py
      md5: 267700b0b4150b65a4f696cc5beb4e94
      size: 1027
    - path: src/utils/callbacks.py
      md5: 47f9289a47896bc1e89dfce6edcee9d6
      size: 1487
    outs:
    - path: artifacts/callbacks/checkpoint_cb.cb
      md5: f0f00ca19cb1372c05aabf3f7fd0a8a9
      size: 723
    - path: artifacts/callbacks/tensorboard_cb.cb
      md5: 9dbf058ff025bca272d03c6194029c83
      size: 572
  train:
    cmd: python src/train.py --config=config/config.yaml --params=params.yaml
    deps:
    - path: artifacts/base_model/updated_VGG16.h5
      md5: e97af3036e9efbd1ebc36a31586f6702
      size: 59133416
    - path: artifacts/callbacks/checkpoint_cb.cb
      md5: f0f00ca19cb1372c05aabf3f7fd0a8a9
      size: 723
    - path: artifacts/callbacks/tensorboard_cb.cb
      md5: 9dbf058ff025bca272d03c6194029c83
      size: 572
    - path: config/config.yaml
      md5: 49adad7cde433bedde8401ebcdeb181e
      size: 425
    - path: data
      md5: 1a2078cc44a294d9656b508d9f18aaf1.dir
      size: 39357783
      nfiles: 286
    - path: src/train.py
      md5: 0d31975a9c777c62d74a71b6997f8978
      size: 3363
    - path: src/utils/all_utils.py
      md5: 267700b0b4150b65a4f696cc5beb4e94
      size: 1027
    - path: src/utils/callbacks.py
      md5: 47f9289a47896bc1e89dfce6edcee9d6
      size: 1487
    - path: src/utils/data_management.py
      md5: de2dc7f006b645cfdcd30e58689f4926
      size: 1399
    - path: src/utils/evaluate.py
      md5: 88c8c53c655eda94c65b84c0bf5cffab
      size: 1677
    - path: src/utils/models.py
      md5: 9e04ebe41ad1d7e2eb7940ed52261e68
      size: 2541
    params:
      params.yaml:
        AUGMENTATION: true
        BATCH_SIZE: 16
        EPOCHS: 1
        IMAGE_SIZE:
        - 224
        - 224
        - 3
    outs:
    - path: artifacts/evaluation/metrics.json
      md5: 2d42081e39a6a5abc657128c4fbff4c6
      size: 248
    - path: artifacts/model
      md5: 6a3dbf172ac6c1664b7c3082f52f16ec.dir
      size: 236542784
      nfiles: 4
